
Microsoft Visual Studio Solution File, Format Version 12.00
# Visual Studio Version 17
VisualStudioVersion = 17.11.35222.181
MinimumVisualStudioVersion = 10.0.40219.1
Project("{FAE04EC0-301F-11D3-BF4B-00C04F79EFBC}") = "IntroTierApp", "IntroTierApp\IntroTierApp.csproj", "{0F8C4C5E-B2D5-44D8-AB51-79C5CF7A5CB1}"
EndProject
Project("{FAE04EC0-301F-11D3-BF4B-00C04F79EFBC}") = "BLL", "BLL\BLL.csproj", "{0EE8B81F-DC68-4E49-A964-8F02DE05BC84}"
EndProject
Project("{FAE04EC0-301F-11D3-BF4B-00C04F79EFBC}") = "DAL", "DAL\DAL.csproj", "{BFC1104B-B5DD-4BF5-8799-BB4E43336D2A}"
EndProject
Project("{FAE04EC0-301F-11D3-BF4B-00C04F79EFBC}") = "MVCApp", "MVCApp\MVCApp.csproj", "{B7347C7C-A0AC-4E64-80D9-30227500E8C7}"
EndProject
Project("{FAE04EC0-301F-11D3-BF4B-00C04F79EFBC}") = "ConsoleApp", "ConsoleApp\ConsoleApp.csproj", "{0B882465-FB5E-44CB-9DCC-A7E3C07C3E23}"
EndProject
Global
	GlobalSection(SolutionConfigurationPlatforms) = preSolution
		Debug|Any CPU = Debug|Any CPU
		Release|Any CPU = Release|Any CPU
	EndGlobalSection
	GlobalSection(ProjectConfigurationPlatforms) = postSolution
		{0F8C4C5E-B2D5-44D8-AB51-79C5CF7A5CB1}.Debug|Any CPU.ActiveCfg = Debug|Any CPU
		{0F8C4C5E-B2D5-44D8-AB51-79C5CF7A5CB1}.Debug|Any CPU.Build.0 = Debug|Any CPU
		{0F8C4C5E-B2D5-44D8-AB51-79C5CF7A5CB1}.Release|Any CPU.ActiveCfg = Release|Any CPU
		{0F8C4C5E-B2D5-44D8-AB51-79C5CF7A5CB1}.Release|Any CPU.Build.0 = Release|Any CPU
		{0EE8B81F-DC68-4E49-A964-8F02DE05BC84}.Debug|Any CPU.ActiveCfg = Debug|Any CPU
		{0EE8B81F-DC68-4E49-A964-8F02DE05BC84}.Debug|Any CPU.Build.0 = Debug|Any CPU
		{0EE8B81F-DC68-4E49-A964-8F02DE05BC84}.Release|Any CPU.ActiveCfg = Release|Any CPU
		{0EE8B81F-DC68-4E49-A964-8F02DE05BC84}.Release|Any CPU.Build.0 = Release|Any CPU
		{BFC1104B-B5DD-4BF5-8799-BB4E43336D2A}.Debug|Any CPU.ActiveCfg = Debug|Any CPU
		{BFC1104B-B5DD-4BF5-8799-BB4E43336D2A}.Debug|Any CPU.Build.0 = Debug|Any CPU
		{BFC1104B-B5DD-4BF5-8799-BB4E43336D2A}.Release|Any CPU.ActiveCfg = Release|Any CPU
		{BFC1104B-B5DD-4BF5-8799-BB4E43336D2A}.Release|Any CPU.Build.0 = Release|Any CPU
		{B7347C7C-A0AC-4E64-80D9-30227500E8C7}.Debug|Any CPU.ActiveCfg = Debug|Any CPU
		{B7347C7C-A0AC-4E64-80D9-30227500E8C7}.Debug|Any CPU.Build.0 = Debug|Any CPU
		{B7347C7C-A0AC-4E64-80D9-30227500E8C7}.Release|Any CPU.ActiveCfg = Release|Any CPU
		{B7347C7C-A0AC-4E64-80D9-30227500E8C7}.Release|Any CPU.Build.0 = Release|Any CPU
		{0B882465-FB5E-44CB-9DCC-A7E3C07C3E23}.Debug|Any CPU.ActiveCfg = Debug|Any CPU
		{0B882465-FB5E-44CB-9DCC-A7E3C07C3E23}.Debug|Any CPU.Build.0 = Debug|Any CPU
		{0B882465-FB5E-44CB-9DCC-A7E3C07C3E23}.Release|Any CPU.ActiveCfg = Release|Any CPU
		{0B882465-FB5E-44CB-9DCC-A7E3C07C3E23}.Release|Any CPU.Build.0 = Release|Any CPU
	EndGlobalSection
	GlobalSection(SolutionProperties) = preSolution
		HideSolutionNode = FALSE
	EndGlobalSection
	GlobalSection(ExtensibilityGlobals) = postSolution
		SolutionGuid = {88FE8930-3711-4C9F-A74B-5420379CD91E}
	EndGlobalSection
EndGlobal
